{
    "name": "code-open1",
    "version": "1.0.0",
    "lockfileVersion": 2,
    "requires": true,
    "packages": {
        "": {
            "name": "code-open1",
            "version": "1.0.0"
        },
        "../../AppData/Roaming/npm/node_modules/live-server": {
            "version": "1.2.2",
            "extraneous": true,
            "license": "MIT",
            "dependencies": {
                "chokidar": "^2.0.4",
                "colors": "1.4.0",
                "connect": "^3.6.6",
                "cors": "latest",
                "event-stream": "3.3.4",
                "faye-websocket": "0.11.x",
                "http-auth": "3.1.x",
                "morgan": "^1.9.1",
                "object-assign": "latest",
                "opn": "latest",
                "proxy-middleware": "latest",
                "send": "latest",
                "serve-index": "^1.9.1"
            },
            "bin": {
                "live-server": "live-server.js"
            },
            "devDependencies": {
                "eslint": "^5.9.0",
                "jshint": "^2.9.6",
                "mocha": "^5.2.0",
                "supertest": "^3.3.0"
            },
            "engines": {
                "node": ">=0.10.0"
            }
        }
    }
}
